PODS:
  - RDImageViewerController (4.0.0)

DEPENDENCIES:
  - RDImageViewerController (from `../`)

EXTERNAL SOURCES:
  RDImageViewerController:
    :path: "../"

SPEC CHECKSUMS:
  RDImageViewerController: e818bd9fdf023d812c387d97306b1d5e549455d9

PODFILE CHECKSUM: 8c86ceb5debdbe7cf6a9eb4ba699c7215aeeafa4

COCOAPODS: 1.5.3
