PODS:
  - PureLayout (3.1.6)
  - RDImageViewerController (7.0.1):
    - PureLayout (~> 3.1.6)
  - SwiftFormat/CLI (0.44.10)

DEPENDENCIES:
  - RDImageViewerController (from `../`)
  - SwiftFormat/CLI

SPEC REPOS:
  trunk:
    - PureLayout
    - SwiftFormat

EXTERNAL SOURCES:
  RDImageViewerController:
    :path: "../"

SPEC CHECKSUMS:
  PureLayout: bd3c4ec3a3819ad387c99ebb72c6b129c3ed4d2d
  RDImageViewerController: 66f159e95fe9dd58ec0f3d807cc3664679a17800
  SwiftFormat: b72e592ea0979aeee53f6052abff291181364933

PODFILE CHECKSUM: 944bf05864311f468dbcafabbd6be10367bcc109

COCOAPODS: 1.10.1
