// !$*UTF8*$!
{
	archiveVersion = 1;
	classes = {
	};
	objectVersion = 46;
	objects = {

/* Begin PBXBuildFile section */
		6003F58E195388D20070C39A /* Foundation.framework in Frameworks */ = {isa = PBXBuildFile; fileRef = 6003F58D195388D20070C39A /* Foundation.framework */; };
		6003F590195388D20070C39A /* CoreGraphics.framework in Frameworks */ = {isa = PBXBuildFile; fileRef = 6003F58F195388D20070C39A /* CoreGraphics.framework */; };
		6003F592195388D20070C39A /* UIKit.framework in Frameworks */ = {isa = PBXBuildFile; fileRef = 6003F591195388D20070C39A /* UIKit.framework */; };
		6003F598195388D20070C39A /* InfoPlist.strings in Resources */ = {isa = PBXBuildFile; fileRef = 6003F596195388D20070C39A /* InfoPlist.strings */; };
		6003F59A195388D20070C39A /* main.m in Sources */ = {isa = PBXBuildFile; fileRef = 6003F599195388D20070C39A /* main.m */; };
		6003F59E195388D20070C39A /* RDAppDelegate.m in Sources */ = {isa = PBXBuildFile; fileRef = 6003F59D195388D20070C39A /* RDAppDelegate.m */; };
		6003F5A1195388D20070C39A /* Main.storyboard in Resources */ = {isa = PBXBuildFile; fileRef = 6003F59F195388D20070C39A /* Main.storyboard */; };
		6003F5A7195388D20070C39A /* RDViewController.m in Sources */ = {isa = PBXBuildFile; fileRef = 6003F5A6195388D20070C39A /* RDViewController.m */; };
		6003F5A9195388D20070C39A /* Images.xcassets in Resources */ = {isa = PBXBuildFile; fileRef = 6003F5A8195388D20070C39A /* Images.xcassets */; };
		6003F5B0195388D20070C39A /* XCTest.framework in Frameworks */ = {isa = PBXBuildFile; fileRef = 6003F5AF195388D20070C39A /* XCTest.framework */; };
		6003F5B1195388D20070C39A /* Foundation.framework in Frameworks */ = {isa = PBXBuildFile; fileRef = 6003F58D195388D20070C39A /* Foundation.framework */; };
		6003F5B2195388D20070C39A /* UIKit.framework in Frameworks */ = {isa = PBXBuildFile; fileRef = 6003F591195388D20070C39A /* UIKit.framework */; };
		6003F5BA195388D20070C39A /* InfoPlist.strings in Resources */ = {isa = PBXBuildFile; fileRef = 6003F5B8195388D20070C39A /* InfoPlist.strings */; };
		6003F5BC195388D20070C39A /* Tests.m in Sources */ = {isa = PBXBuildFile; fileRef = 6003F5BB195388D20070C39A /* Tests.m */; };
		8B7E3D8C89BA2156432EFF7D /* Pods_Tests.framework in Frameworks */ = {isa = PBXBuildFile; fileRef = FEDF03768976085E03802293 /* Pods_Tests.framework */; };
		B36B72392F15B63E4E7F0D38 /* Pods_RDImageViewerController.framework in Frameworks */ = {isa = PBXBuildFile; fileRef = 3BE52C4491A019B8962D50A3 /* Pods_RDImageViewerController.framework */; };
		E90C11501D8E022000630F12 /* RDViewPageContentData.m in Sources */ = {isa = PBXBuildFile; fileRef = E90C114F1D8E022000630F12 /* RDViewPageContentData.m */; };
		E90C11531D8E022800630F12 /* RDScrollViewPageContentData.m in Sources */ = {isa = PBXBuildFile; fileRef = E90C11521D8E022800630F12 /* RDScrollViewPageContentData.m */; };
		E90E268A1A34981000F1F54A /* LaunchScreen.xib in Resources */ = {isa = PBXBuildFile; fileRef = E90E26881A34981000F1F54A /* LaunchScreen.xib */; };
		E919D2A219D82F8E003F4BD0 /* 1.JPG in Resources */ = {isa = PBXBuildFile; fileRef = E919D29819D82F8E003F4BD0 /* 1.JPG */; };
		E919D2A319D82F8E003F4BD0 /* 10.JPG in Resources */ = {isa = PBXBuildFile; fileRef = E919D29919D82F8E003F4BD0 /* 10.JPG */; };
		E919D2A419D82F8E003F4BD0 /* 2.JPG in Resources */ = {isa = PBXBuildFile; fileRef = E919D29A19D82F8E003F4BD0 /* 2.JPG */; };
		E919D2A519D82F8E003F4BD0 /* 3.JPG in Resources */ = {isa = PBXBuildFile; fileRef = E919D29B19D82F8E003F4BD0 /* 3.JPG */; };
		E919D2A619D82F8E003F4BD0 /* 4.JPG in Resources */ = {isa = PBXBuildFile; fileRef = E919D29C19D82F8E003F4BD0 /* 4.JPG */; };
		E919D2A719D82F8E003F4BD0 /* 5.JPG in Resources */ = {isa = PBXBuildFile; fileRef = E919D29D19D82F8E003F4BD0 /* 5.JPG */; };
		E919D2A819D82F8E003F4BD0 /* 6.JPG in Resources */ = {isa = PBXBuildFile; fileRef = E919D29E19D82F8E003F4BD0 /* 6.JPG */; };
		E919D2A919D82F8E003F4BD0 /* 7.JPG in Resources */ = {isa = PBXBuildFile; fileRef = E919D29F19D82F8E003F4BD0 /* 7.JPG */; };
		E919D2AA19D82F8E003F4BD0 /* 8.JPG in Resources */ = {isa = PBXBuildFile; fileRef = E919D2A019D82F8E003F4BD0 /* 8.JPG */; };
		E919D2AB19D82F8E003F4BD0 /* 9.JPG in Resources */ = {isa = PBXBuildFile; fileRef = E919D2A119D82F8E003F4BD0 /* 9.JPG */; };
		E9B106601AB760DA000DEEE4 /* 11.JPG in Resources */ = {isa = PBXBuildFile; fileRef = E9B1065F1AB760DA000DEEE4 /* 11.JPG */; };
		E9B106621AB76127000DEEE4 /* 12.JPG in Resources */ = {isa = PBXBuildFile; fileRef = E9B106611AB76127000DEEE4 /* 12.JPG */; };
/* End PBXBuildFile section */

/* Begin PBXContainerItemProxy section */
		6003F5B3195388D20070C39A /* PBXContainerItemProxy */ = {
			isa = PBXContainerItemProxy;
			containerPortal = 6003F582195388D10070C39A /* Project object */;
			proxyType = 1;
			remoteGlobalIDString = 6003F589195388D20070C39A;
			remoteInfo = RDImageViewerController;
		};
/* End PBXContainerItemProxy section */

/* Begin PBXFileReference section */
		2DE53B25D765A16A87BEBC61 /* Pods-Tests.release.xcconfig */ = {isa = PBXFileReference; includeInIndex = 1; lastKnownFileType = text.xcconfig; name = "Pods-Tests.release.xcconfig"; path = "Pods/Target Support Files/Pods-Tests/Pods-Tests.release.xcconfig"; sourceTree = "<group>"; };
		335703C1B2581FF3F13621CB /* Pods-Tests.debug.xcconfig */ = {isa = PBXFileReference; includeInIndex = 1; lastKnownFileType = text.xcconfig; name = "Pods-Tests.debug.xcconfig"; path = "Pods/Target Support Files/Pods-Tests/Pods-Tests.debug.xcconfig"; sourceTree = "<group>"; };
		3BE52C4491A019B8962D50A3 /* Pods_RDImageViewerController.framework */ = {isa = PBXFileReference; explicitFileType = wrapper.framework; includeInIndex = 0; path = Pods_RDImageViewerController.framework; sourceTree = BUILT_PRODUCTS_DIR; };
		6003F58A195388D20070C39A /* RDImageViewerController.app */ = {isa = PBXFileReference; explicitFileType = wrapper.application; includeInIndex = 0; path = RDImageViewerController.app; sourceTree = BUILT_PRODUCTS_DIR; };
		6003F58D195388D20070C39A /* Foundation.framework */ = {isa = PBXFileReference; lastKnownFileType = wrapper.framework; name = Foundation.framework; path = System/Library/Frameworks/Foundation.framework; sourceTree = SDKROOT; };
		6003F58F195388D20070C39A /* CoreGraphics.framework */ = {isa = PBXFileReference; lastKnownFileType = wrapper.framework; name = CoreGraphics.framework; path = System/Library/Frameworks/CoreGraphics.framework; sourceTree = SDKROOT; };
		6003F591195388D20070C39A /* UIKit.framework */ = {isa = PBXFileReference; lastKnownFileType = wrapper.framework; name = UIKit.framework; path = System/Library/Frameworks/UIKit.framework; sourceTree = SDKROOT; };
		6003F595195388D20070C39A /* RDImageViewerController-Info.plist */ = {isa = PBXFileReference; lastKnownFileType = text.plist.xml; path = "RDImageViewerController-Info.plist"; sourceTree = "<group>"; };
		6003F597195388D20070C39A /* en */ = {isa = PBXFileReference; lastKnownFileType = text.plist.strings; name = en; path = en.lproj/InfoPlist.strings; sourceTree = "<group>"; };
		6003F599195388D20070C39A /* main.m */ = {isa = PBXFileReference; lastKnownFileType = sourcecode.c.objc; path = main.m; sourceTree = "<group>"; };
		6003F59B195388D20070C39A /* RDImageViewerController-Prefix.pch */ = {isa = PBXFileReference; lastKnownFileType = sourcecode.c.h; path = "RDImageViewerController-Prefix.pch"; sourceTree = "<group>"; };
		6003F59C195388D20070C39A /* RDAppDelegate.h */ = {isa = PBXFileReference; lastKnownFileType = sourcecode.c.h; path = RDAppDelegate.h; sourceTree = "<group>"; };
		6003F59D195388D20070C39A /* RDAppDelegate.m */ = {isa = PBXFileReference; lastKnownFileType = sourcecode.c.objc; path = RDAppDelegate.m; sourceTree = "<group>"; };
		6003F5A0195388D20070C39A /* Base */ = {isa = PBXFileReference; lastKnownFileType = file.storyboard; name = Base; path = Base.lproj/Main.storyboard; sourceTree = "<group>"; };
		6003F5A5195388D20070C39A /* RDViewController.h */ = {isa = PBXFileReference; lastKnownFileType = sourcecode.c.h; path = RDViewController.h; sourceTree = "<group>"; };
		6003F5A6195388D20070C39A /* RDViewController.m */ = {isa = PBXFileReference; lastKnownFileType = sourcecode.c.objc; path = RDViewController.m; sourceTree = "<group>"; };
		6003F5A8195388D20070C39A /* Images.xcassets */ = {isa = PBXFileReference; lastKnownFileType = folder.assetcatalog; path = Images.xcassets; sourceTree = "<group>"; };
		6003F5AE195388D20070C39A /* Tests.xctest */ = {isa = PBXFileReference; explicitFileType = wrapper.cfbundle; includeInIndex = 0; path = Tests.xctest; sourceTree = BUILT_PRODUCTS_DIR; };
		6003F5AF195388D20070C39A /* XCTest.framework */ = {isa = PBXFileReference; lastKnownFileType = wrapper.framework; name = XCTest.framework; path = Library/Frameworks/XCTest.framework; sourceTree = DEVELOPER_DIR; };
		6003F5B7195388D20070C39A /* Tests-Info.plist */ = {isa = PBXFileReference; lastKnownFileType = text.plist.xml; path = "Tests-Info.plist"; sourceTree = "<group>"; };
		6003F5B9195388D20070C39A /* en */ = {isa = PBXFileReference; lastKnownFileType = text.plist.strings; name = en; path = en.lproj/InfoPlist.strings; sourceTree = "<group>"; };
		6003F5BB195388D20070C39A /* Tests.m */ = {isa = PBXFileReference; lastKnownFileType = sourcecode.c.objc; path = Tests.m; sourceTree = "<group>"; };
		606FC2411953D9B200FFA9A0 /* Tests-Prefix.pch */ = {isa = PBXFileReference; lastKnownFileType = sourcecode.c.h; path = "Tests-Prefix.pch"; sourceTree = "<group>"; };
		675E692188F7C03774467B87 /* README.md */ = {isa = PBXFileReference; includeInIndex = 1; lastKnownFileType = net.daringfireball.markdown; name = README.md; path = ../README.md; sourceTree = "<group>"; };
		89025E39FA3270FE8EDDEEB7 /* RDImageViewerController.podspec */ = {isa = PBXFileReference; includeInIndex = 1; lastKnownFileType = text; name = RDImageViewerController.podspec; path = ../RDImageViewerController.podspec; sourceTree = "<group>"; };
		AB7D21FE10F544A30C888634 /* Pods-RDImageViewerController.debug.xcconfig */ = {isa = PBXFileReference; includeInIndex = 1; lastKnownFileType = text.xcconfig; name = "Pods-RDImageViewerController.debug.xcconfig"; path = "Pods/Target Support Files/Pods-RDImageViewerController/Pods-RDImageViewerController.debug.xcconfig"; sourceTree = "<group>"; };
		B2E7CB51CE90590648B0F8B5 /* Pods-RDImageViewerController.release.xcconfig */ = {isa = PBXFileReference; includeInIndex = 1; lastKnownFileType = text.xcconfig; name = "Pods-RDImageViewerController.release.xcconfig"; path = "Pods/Target Support Files/Pods-RDImageViewerController/Pods-RDImageViewerController.release.xcconfig"; sourceTree = "<group>"; };
		E6BEC608C2E338A1EFB29850 /* LICENSE */ = {isa = PBXFileReference; includeInIndex = 1; lastKnownFileType = text; name = LICENSE; path = ../LICENSE; sourceTree = "<group>"; };
		E90C114E1D8E022000630F12 /* RDViewPageContentData.h */ = {isa = PBXFileReference; fileEncoding = 4; lastKnownFileType = sourcecode.c.h; path = RDViewPageContentData.h; sourceTree = "<group>"; };
		E90C114F1D8E022000630F12 /* RDViewPageContentData.m */ = {isa = PBXFileReference; fileEncoding = 4; lastKnownFileType = sourcecode.c.objc; path = RDViewPageContentData.m; sourceTree = "<group>"; };
		E90C11511D8E022800630F12 /* RDScrollViewPageContentData.h */ = {isa = PBXFileReference; fileEncoding = 4; lastKnownFileType = sourcecode.c.h; path = RDScrollViewPageContentData.h; sourceTree = "<group>"; };
		E90C11521D8E022800630F12 /* RDScrollViewPageContentData.m */ = {isa = PBXFileReference; fileEncoding = 4; lastKnownFileType = sourcecode.c.objc; path = RDScrollViewPageContentData.m; sourceTree = "<group>"; };
		E90E26891A34981000F1F54A /* Base */ = {isa = PBXFileReference; lastKnownFileType = file.xib; name = Base; path = Base.lproj/LaunchScreen.xib; sourceTree = "<group>"; };
		E919D28F19D8005C003F4BD0 /* RDImageScrollView.h */ = {isa = PBXFileReference; fileEncoding = 4; lastKnownFileType = sourcecode.c.h; path = RDImageScrollView.h; sourceTree = "<group>"; };
		E919D29019D8005C003F4BD0 /* RDImageScrollView.m */ = {isa = PBXFileReference; fileEncoding = 4; lastKnownFileType = sourcecode.c.objc; path = RDImageScrollView.m; sourceTree = "<group>"; };
		E919D29419D80683003F4BD0 /* RDPagingView.h */ = {isa = PBXFileReference; fileEncoding = 4; lastKnownFileType = sourcecode.c.h; path = RDPagingView.h; sourceTree = "<group>"; };
		E919D29519D80683003F4BD0 /* RDPagingView.m */ = {isa = PBXFileReference; fileEncoding = 4; lastKnownFileType = sourcecode.c.objc; path = RDPagingView.m; sourceTree = "<group>"; };
		E919D29819D82F8E003F4BD0 /* 1.JPG */ = {isa = PBXFileReference; lastKnownFileType = image.jpeg; path = 1.JPG; sourceTree = "<group>"; };
		E919D29919D82F8E003F4BD0 /* 10.JPG */ = {isa = PBXFileReference; lastKnownFileType = image.jpeg; path = 10.JPG; sourceTree = "<group>"; };
		E919D29A19D82F8E003F4BD0 /* 2.JPG */ = {isa = PBXFileReference; lastKnownFileType = image.jpeg; path = 2.JPG; sourceTree = "<group>"; };
		E919D29B19D82F8E003F4BD0 /* 3.JPG */ = {isa = PBXFileReference; lastKnownFileType = image.jpeg; path = 3.JPG; sourceTree = "<group>"; };
		E919D29C19D82F8E003F4BD0 /* 4.JPG */ = {isa = PBXFileReference; lastKnownFileType = image.jpeg; path = 4.JPG; sourceTree = "<group>"; };
		E919D29D19D82F8E003F4BD0 /* 5.JPG */ = {isa = PBXFileReference; lastKnownFileType = image.jpeg; path = 5.JPG; sourceTree = "<group>"; };
		E919D29E19D82F8E003F4BD0 /* 6.JPG */ = {isa = PBXFileReference; lastKnownFileType = image.jpeg; path = 6.JPG; sourceTree = "<group>"; };
		E919D29F19D82F8E003F4BD0 /* 7.JPG */ = {isa = PBXFileReference; lastKnownFileType = image.jpeg; path = 7.JPG; sourceTree = "<group>"; };
		E919D2A019D82F8E003F4BD0 /* 8.JPG */ = {isa = PBXFileReference; lastKnownFileType = image.jpeg; path = 8.JPG; sourceTree = "<group>"; };
		E919D2A119D82F8E003F4BD0 /* 9.JPG */ = {isa = PBXFileReference; lastKnownFileType = image.jpeg; path = 9.JPG; sourceTree = "<group>"; };
		E928DBDE1AB2011C00594AAD /* rd_M2DURLConnectionOperation.h */ = {isa = PBXFileReference; fileEncoding = 4; lastKnownFileType = sourcecode.c.h; path = rd_M2DURLConnectionOperation.h; sourceTree = "<group>"; };
		E928DBDF1AB2011C00594AAD /* rd_M2DURLConnectionOperation.m */ = {isa = PBXFileReference; fileEncoding = 4; lastKnownFileType = sourcecode.c.objc; path = rd_M2DURLConnectionOperation.m; sourceTree = "<group>"; };
		E9437D731D8DF4BC003DC413 /* RDPageContentData.h */ = {isa = PBXFileReference; fileEncoding = 4; lastKnownFileType = sourcecode.c.h; path = RDPageContentData.h; sourceTree = "<group>"; };
		E9437D741D8DF4BC003DC413 /* RDPageContentData.m */ = {isa = PBXFileReference; fileEncoding = 4; lastKnownFileType = sourcecode.c.objc; path = RDPageContentData.m; sourceTree = "<group>"; };
		E9437D761D8DF59A003DC413 /* RDRemoteImageContentData.h */ = {isa = PBXFileReference; fileEncoding = 4; lastKnownFileType = sourcecode.c.h; path = RDRemoteImageContentData.h; sourceTree = "<group>"; };
		E9437D771D8DF59A003DC413 /* RDRemoteImageContentData.m */ = {isa = PBXFileReference; fileEncoding = 4; lastKnownFileType = sourcecode.c.objc; path = RDRemoteImageContentData.m; sourceTree = "<group>"; };
		E9437D791D8DF5A4003DC413 /* RDImageContentData.h */ = {isa = PBXFileReference; fileEncoding = 4; lastKnownFileType = sourcecode.c.h; path = RDImageContentData.h; sourceTree = "<group>"; };
		E9437D7A1D8DF5A4003DC413 /* RDImageContentData.m */ = {isa = PBXFileReference; fileEncoding = 4; lastKnownFileType = sourcecode.c.objc; path = RDImageContentData.m; sourceTree = "<group>"; };
		E96FFD8019CE7970008ADEDF /* RDImageViewerController.h */ = {isa = PBXFileReference; fileEncoding = 4; lastKnownFileType = sourcecode.c.h; path = RDImageViewerController.h; sourceTree = "<group>"; };
		E96FFD8119CE7970008ADEDF /* RDImageViewerController.m */ = {isa = PBXFileReference; fileEncoding = 4; lastKnownFileType = sourcecode.c.objc; path = RDImageViewerController.m; sourceTree = "<group>"; };
		E9B1065F1AB760DA000DEEE4 /* 11.JPG */ = {isa = PBXFileReference; lastKnownFileType = image.jpeg; path = 11.JPG; sourceTree = "<group>"; };
		E9B106611AB76127000DEEE4 /* 12.JPG */ = {isa = PBXFileReference; lastKnownFileType = image.jpeg; path = 12.JPG; sourceTree = "<group>"; };
		FEDF03768976085E03802293 /* Pods_Tests.framework */ = {isa = PBXFileReference; explicitFileType = wrapper.framework; includeInIndex = 0; path = Pods_Tests.framework; sourceTree = BUILT_PRODUCTS_DIR; };
/* End PBXFileReference section */

/* Begin PBXFrameworksBuildPhase section */
		6003F587195388D20070C39A /* Frameworks */ = {
			isa = PBXFrameworksBuildPhase;
			buildActionMask = 2147483647;
			files = (
				6003F590195388D20070C39A /* CoreGraphics.framework in Frameworks */,
				6003F592195388D20070C39A /* UIKit.framework in Frameworks */,
				6003F58E195388D20070C39A /* Foundation.framework in Frameworks */,
				B36B72392F15B63E4E7F0D38 /* Pods_RDImageViewerController.framework in Frameworks */,
			);
			runOnlyForDeploymentPostprocessing = 0;
		};
		6003F5AB195388D20070C39A /* Frameworks */ = {
			isa = PBXFrameworksBuildPhase;
			buildActionMask = 2147483647;
			files = (
				6003F5B0195388D20070C39A /* XCTest.framework in Frameworks */,
				6003F5B2195388D20070C39A /* UIKit.framework in Frameworks */,
				6003F5B1195388D20070C39A /* Foundation.framework in Frameworks */,
				8B7E3D8C89BA2156432EFF7D /* Pods_Tests.framework in Frameworks */,
			);
			runOnlyForDeploymentPostprocessing = 0;
		};
/* End PBXFrameworksBuildPhase section */

/* Begin PBXGroup section */
		6003F581195388D10070C39A = {
			isa = PBXGroup;
			children = (
				60FF7A9C1954A5C5007DD14C /* Podspec Metadata */,
				6003F593195388D20070C39A /* RDImageViewerController */,
				6003F5B5195388D20070C39A /* Tests */,
				6003F58C195388D20070C39A /* Frameworks */,
				6003F58B195388D20070C39A /* Products */,
				A5E0E205DFB3313D94AF6C88 /* Pods */,
			);
			sourceTree = "<group>";
		};
		6003F58B195388D20070C39A /* Products */ = {
			isa = PBXGroup;
			children = (
				6003F58A195388D20070C39A /* RDImageViewerController.app */,
				6003F5AE195388D20070C39A /* Tests.xctest */,
			);
			name = Products;
			sourceTree = "<group>";
		};
		6003F58C195388D20070C39A /* Frameworks */ = {
			isa = PBXGroup;
			children = (
				6003F58D195388D20070C39A /* Foundation.framework */,
				6003F58F195388D20070C39A /* CoreGraphics.framework */,
				6003F591195388D20070C39A /* UIKit.framework */,
				6003F5AF195388D20070C39A /* XCTest.framework */,
				3BE52C4491A019B8962D50A3 /* Pods_RDImageViewerController.framework */,
				FEDF03768976085E03802293 /* Pods_Tests.framework */,
			);
			name = Frameworks;
			sourceTree = "<group>";
		};
		6003F593195388D20070C39A /* RDImageViewerController */ = {
			isa = PBXGroup;
			children = (
				E919D29719D82F8E003F4BD0 /* Images */,
				E9872DC419D1435B0056611E /* Assets */,
				E96FFD7A19CE7970008ADEDF /* Classes */,
				6003F59C195388D20070C39A /* RDAppDelegate.h */,
				6003F59D195388D20070C39A /* RDAppDelegate.m */,
				6003F5A5195388D20070C39A /* RDViewController.h */,
				6003F5A6195388D20070C39A /* RDViewController.m */,
				E90C114D1D8E020D00630F12 /* SampleDataClass */,
				6003F5A8195388D20070C39A /* Images.xcassets */,
				6003F594195388D20070C39A /* Supporting Files */,
			);
			path = RDImageViewerController;
			sourceTree = "<group>";
		};
		6003F594195388D20070C39A /* Supporting Files */ = {
			isa = PBXGroup;
			children = (
				6003F59F195388D20070C39A /* Main.storyboard */,
				E90E26881A34981000F1F54A /* LaunchScreen.xib */,
				6003F595195388D20070C39A /* RDImageViewerController-Info.plist */,
				6003F596195388D20070C39A /* InfoPlist.strings */,
				6003F599195388D20070C39A /* main.m */,
				6003F59B195388D20070C39A /* RDImageViewerController-Prefix.pch */,
			);
			name = "Supporting Files";
			sourceTree = "<group>";
		};
		6003F5B5195388D20070C39A /* Tests */ = {
			isa = PBXGroup;
			children = (
				6003F5BB195388D20070C39A /* Tests.m */,
				6003F5B6195388D20070C39A /* Supporting Files */,
			);
			path = Tests;
			sourceTree = "<group>";
		};
		6003F5B6195388D20070C39A /* Supporting Files */ = {
			isa = PBXGroup;
			children = (
				6003F5B7195388D20070C39A /* Tests-Info.plist */,
				6003F5B8195388D20070C39A /* InfoPlist.strings */,
				606FC2411953D9B200FFA9A0 /* Tests-Prefix.pch */,
			);
			name = "Supporting Files";
			sourceTree = "<group>";
		};
		60FF7A9C1954A5C5007DD14C /* Podspec Metadata */ = {
			isa = PBXGroup;
			children = (
				89025E39FA3270FE8EDDEEB7 /* RDImageViewerController.podspec */,
				675E692188F7C03774467B87 /* README.md */,
				E6BEC608C2E338A1EFB29850 /* LICENSE */,
			);
			name = "Podspec Metadata";
			sourceTree = "<group>";
		};
		A5E0E205DFB3313D94AF6C88 /* Pods */ = {
			isa = PBXGroup;
			children = (
				AB7D21FE10F544A30C888634 /* Pods-RDImageViewerController.debug.xcconfig */,
				B2E7CB51CE90590648B0F8B5 /* Pods-RDImageViewerController.release.xcconfig */,
				335703C1B2581FF3F13621CB /* Pods-Tests.debug.xcconfig */,
				2DE53B25D765A16A87BEBC61 /* Pods-Tests.release.xcconfig */,
			);
			name = Pods;
			sourceTree = "<group>";
		};
		E90C114D1D8E020D00630F12 /* SampleDataClass */ = {
			isa = PBXGroup;
			children = (
				E90C114E1D8E022000630F12 /* RDViewPageContentData.h */,
				E90C114F1D8E022000630F12 /* RDViewPageContentData.m */,
				E90C11511D8E022800630F12 /* RDScrollViewPageContentData.h */,
				E90C11521D8E022800630F12 /* RDScrollViewPageContentData.m */,
			);
			path = SampleDataClass;
			sourceTree = "<group>";
		};
		E919D28E19D80053003F4BD0 /* RDImageScrollView */ = {
			isa = PBXGroup;
			children = (
				E919D28F19D8005C003F4BD0 /* RDImageScrollView.h */,
				E919D29019D8005C003F4BD0 /* RDImageScrollView.m */,
			);
			path = RDImageScrollView;
			sourceTree = "<group>";
		};
		E919D29319D80679003F4BD0 /* RDPagingView */ = {
			isa = PBXGroup;
			children = (
				E919D29419D80683003F4BD0 /* RDPagingView.h */,
				E919D29519D80683003F4BD0 /* RDPagingView.m */,
			);
			path = RDPagingView;
			sourceTree = "<group>";
		};
		E919D29719D82F8E003F4BD0 /* Images */ = {
			isa = PBXGroup;
			children = (
				E919D29819D82F8E003F4BD0 /* 1.JPG */,
				E919D29919D82F8E003F4BD0 /* 10.JPG */,
				E9B1065F1AB760DA000DEEE4 /* 11.JPG */,
				E9B106611AB76127000DEEE4 /* 12.JPG */,
				E919D29A19D82F8E003F4BD0 /* 2.JPG */,
				E919D29B19D82F8E003F4BD0 /* 3.JPG */,
				E919D29C19D82F8E003F4BD0 /* 4.JPG */,
				E919D29D19D82F8E003F4BD0 /* 5.JPG */,
				E919D29E19D82F8E003F4BD0 /* 6.JPG */,
				E919D29F19D82F8E003F4BD0 /* 7.JPG */,
				E919D2A019D82F8E003F4BD0 /* 8.JPG */,
				E919D2A119D82F8E003F4BD0 /* 9.JPG */,
			);
			path = Images;
			sourceTree = SOURCE_ROOT;
		};
		E928DBDD1AB2011C00594AAD /* M2DURLConnectionOperation */ = {
			isa = PBXGroup;
			children = (
				E928DBDE1AB2011C00594AAD /* rd_M2DURLConnectionOperation.h */,
				E928DBDF1AB2011C00594AAD /* rd_M2DURLConnectionOperation.m */,
			);
			path = M2DURLConnectionOperation;
			sourceTree = "<group>";
		};
		E9437D701D8DF414003DC413 /* RDPageContentData */ = {
			isa = PBXGroup;
			children = (
				E9437D711D8DF414003DC413 /* RDImageContentData */,
				E9437D721D8DF414003DC413 /* RDRemoteImageContentData */,
				E9437D731D8DF4BC003DC413 /* RDPageContentData.h */,
				E9437D741D8DF4BC003DC413 /* RDPageContentData.m */,
			);
			path = RDPageContentData;
			sourceTree = "<group>";
		};
		E9437D711D8DF414003DC413 /* RDImageContentData */ = {
			isa = PBXGroup;
			children = (
				E9437D791D8DF5A4003DC413 /* RDImageContentData.h */,
				E9437D7A1D8DF5A4003DC413 /* RDImageContentData.m */,
			);
			path = RDImageContentData;
			sourceTree = "<group>";
		};
		E9437D721D8DF414003DC413 /* RDRemoteImageContentData */ = {
			isa = PBXGroup;
			children = (
				E9437D761D8DF59A003DC413 /* RDRemoteImageContentData.h */,
				E9437D771D8DF59A003DC413 /* RDRemoteImageContentData.m */,
			);
			path = RDRemoteImageContentData;
			sourceTree = "<group>";
		};
		E96FFD7A19CE7970008ADEDF /* Classes */ = {
			isa = PBXGroup;
			children = (
				E9437D701D8DF414003DC413 /* RDPageContentData */,
				E928DBDD1AB2011C00594AAD /* M2DURLConnectionOperation */,
				E919D29319D80679003F4BD0 /* RDPagingView */,
				E919D28E19D80053003F4BD0 /* RDImageScrollView */,
				E96FFD7F19CE7970008ADEDF /* RDImageViewerController */,
			);
			name = Classes;
			path = ../../Pod/Classes;
			sourceTree = "<group>";
		};
		E96FFD7F19CE7970008ADEDF /* RDImageViewerController */ = {
			isa = PBXGroup;
			children = (
				E96FFD8019CE7970008ADEDF /* RDImageViewerController.h */,
				E96FFD8119CE7970008ADEDF /* RDImageViewerController.m */,
			);
			path = RDImageViewerController;
			sourceTree = "<group>";
		};
		E9872DC419D1435B0056611E /* Assets */ = {
			isa = PBXGroup;
			children = (
			);
			name = Assets;
			path = ../../Pod/Assets;
			sourceTree = "<group>";
		};
/* End PBXGroup section */

/* Begin PBXNativeTarget section */
		6003F589195388D20070C39A /* RDImageViewerController */ = {
			isa = PBXNativeTarget;
			buildConfigurationList = 6003F5BF195388D20070C39A /* Build configuration list for PBXNativeTarget "RDImageViewerController" */;
			buildPhases = (
				75D14940E1DD65229DDD2060 /* [CP] Check Pods Manifest.lock */,
				6003F586195388D20070C39A /* Sources */,
				6003F587195388D20070C39A /* Frameworks */,
				6003F588195388D20070C39A /* Resources */,
				40CC8727554EFA447316C428 /* [CP] Embed Pods Frameworks */,
			);
			buildRules = (
			);
			dependencies = (
			);
			name = RDImageViewerController;
			productName = RDImageViewerController;
			productReference = 6003F58A195388D20070C39A /* RDImageViewerController.app */;
			productType = "com.apple.product-type.application";
		};
		6003F5AD195388D20070C39A /* Tests */ = {
			isa = PBXNativeTarget;
			buildConfigurationList = 6003F5C2195388D20070C39A /* Build configuration list for PBXNativeTarget "Tests" */;
			buildPhases = (
				AD16E3E0F3E59C2446041FA5 /* [CP] Check Pods Manifest.lock */,
				6003F5AA195388D20070C39A /* Sources */,
				6003F5AB195388D20070C39A /* Frameworks */,
				6003F5AC195388D20070C39A /* Resources */,
				12878CB9D6B18A1BA06EB80B /* [CP] Embed Pods Frameworks */,
			);
			buildRules = (
			);
			dependencies = (
				6003F5B4195388D20070C39A /* PBXTargetDependency */,
			);
			name = Tests;
			productName = RDImageViewerControllerTests;
			productReference = 6003F5AE195388D20070C39A /* Tests.xctest */;
			productType = "com.apple.product-type.bundle.unit-test";
		};
/* End PBXNativeTarget section */

/* Begin PBXProject section */
		6003F582195388D10070C39A /* Project object */ = {
			isa = PBXProject;
			attributes = {
				CLASSPREFIX = RD;
				LastUpgradeCheck = 1020;
				ORGANIZATIONNAME = "Akira Matsuda";
				TargetAttributes = {
					6003F589195388D20070C39A = {
						DevelopmentTeam = 3VC35JGS33;
						ProvisioningStyle = Automatic;
					};
					6003F5AD195388D20070C39A = {
						DevelopmentTeam = 3VC35JGS33;
						TestTargetID = 6003F589195388D20070C39A;
					};
				};
			};
			buildConfigurationList = 6003F585195388D10070C39A /* Build configuration list for PBXProject "RDImageViewerController" */;
			compatibilityVersion = "Xcode 3.2";
			developmentRegion = en;
			hasScannedForEncodings = 0;
			knownRegions = (
				en,
				Base,
			);
			mainGroup = 6003F581195388D10070C39A;
			productRefGroup = 6003F58B195388D20070C39A /* Products */;
			projectDirPath = "";
			projectRoot = "";
			targets = (
				6003F589195388D20070C39A /* RDImageViewerController */,
				6003F5AD195388D20070C39A /* Tests */,
			);
		};
/* End PBXProject section */

/* Begin PBXResourcesBuildPhase section */
		6003F588195388D20070C39A /* Resources */ = {
			isa = PBXResourcesBuildPhase;
			buildActionMask = 2147483647;
			files = (
				E919D2AA19D82F8E003F4BD0 /* 8.JPG in Resources */,
				E919D2A919D82F8E003F4BD0 /* 7.JPG in Resources */,
				E919D2A719D82F8E003F4BD0 /* 5.JPG in Resources */,
				E919D2A619D82F8E003F4BD0 /* 4.JPG in Resources */,
				E919D2A819D82F8E003F4BD0 /* 6.JPG in Resources */,
				E9B106601AB760DA000DEEE4 /* 11.JPG in Resources */,
				E919D2AB19D82F8E003F4BD0 /* 9.JPG in Resources */,
				E919D2A419D82F8E003F4BD0 /* 2.JPG in Resources */,
				E9B106621AB76127000DEEE4 /* 12.JPG in Resources */,
				E919D2A519D82F8E003F4BD0 /* 3.JPG in Resources */,
				E919D2A319D82F8E003F4BD0 /* 10.JPG in Resources */,
				6003F5A9195388D20070C39A /* Images.xcassets in Resources */,
				E90E268A1A34981000F1F54A /* LaunchScreen.xib in Resources */,
				E919D2A219D82F8E003F4BD0 /* 1.JPG in Resources */,
				6003F5A1195388D20070C39A /* Main.storyboard in Resources */,
				6003F598195388D20070C39A /* InfoPlist.strings in Resources */,
			);
			runOnlyForDeploymentPostprocessing = 0;
		};
		6003F5AC195388D20070C39A /* Resources */ = {
			isa = PBXResourcesBuildPhase;
			buildActionMask = 2147483647;
			files = (
				6003F5BA195388D20070C39A /* InfoPlist.strings in Resources */,
			);
			runOnlyForDeploymentPostprocessing = 0;
		};
/* End PBXResourcesBuildPhase section */

/* Begin PBXShellScriptBuildPhase section */
		12878CB9D6B18A1BA06EB80B /* [CP] Embed Pods Frameworks */ = {
			isa = PBXShellScriptBuildPhase;
			buildActionMask = 2147483647;
			files = (
			);
			inputPaths = (
				"${SRCROOT}/Pods/Target Support Files/Pods-Tests/Pods-Tests-frameworks.sh",
				"${BUILT_PRODUCTS_DIR}/RDImageViewerController/RDImageViewerController.framework",
			);
			name = "[CP] Embed Pods Frameworks";
			outputPaths = (
				"${TARGET_BUILD_DIR}/${FRAMEWORKS_FOLDER_PATH}/RDImageViewerController.framework",
			);
			runOnlyForDeploymentPostprocessing = 0;
			shellPath = /bin/sh;
			shellScript = "\"${SRCROOT}/Pods/Target Support Files/Pods-Tests/Pods-Tests-frameworks.sh\"\n";
			showEnvVarsInLog = 0;
		};
		40CC8727554EFA447316C428 /* [CP] Embed Pods Frameworks */ = {
			isa = PBXShellScriptBuildPhase;
			buildActionMask = 2147483647;
			files = (
			);
			inputPaths = (
				"${SRCROOT}/Pods/Target Support Files/Pods-RDImageViewerController/Pods-RDImageViewerController-frameworks.sh",
				"${BUILT_PRODUCTS_DIR}/RDImageViewerController/RDImageViewerController.framework",
			);
			name = "[CP] Embed Pods Frameworks";
			outputPaths = (
				"${TARGET_BUILD_DIR}/${FRAMEWORKS_FOLDER_PATH}/RDImageViewerController.framework",
			);
			runOnlyForDeploymentPostprocessing = 0;
			shellPath = /bin/sh;
			shellScript = "\"${SRCROOT}/Pods/Target Support Files/Pods-RDImageViewerController/Pods-RDImageViewerController-frameworks.sh\"\n";
			showEnvVarsInLog = 0;
		};
		75D14940E1DD65229DDD2060 /* [CP] Check Pods Manifest.lock */ = {
			isa = PBXShellScriptBuildPhase;
			buildActionMask = 2147483647;
			files = (
			);
			inputPaths = (
				"${PODS_PODFILE_DIR_PATH}/Podfile.lock",
				"${PODS_ROOT}/Manifest.lock",
			);
			name = "[CP] Check Pods Manifest.lock";
			outputPaths = (
				"$(DERIVED_FILE_DIR)/Pods-RDImageViewerController-checkManifestLockResult.txt",
			);
			runOnlyForDeploymentPostprocessing = 0;
			shellPath = /bin/sh;
			shellScript = "diff \"${PODS_PODFILE_DIR_PATH}/Podfile.lock\" \"${PODS_ROOT}/Manifest.lock\" > /dev/null\nif [ $? != 0 ] ; then\n    # print error to STDERR\n    echo \"error: The sandbox is not in sync with the Podfile.lock. Run 'pod install' or update your CocoaPods installation.\" >&2\n    exit 1\nfi\n# This output is used by Xcode 'outputs' to avoid re-running this script phase.\necho \"SUCCESS\" > \"${SCRIPT_OUTPUT_FILE_0}\"\n";
			showEnvVarsInLog = 0;
		};
		AD16E3E0F3E59C2446041FA5 /* [CP] Check Pods Manifest.lock */ = {
			isa = PBXShellScriptBuildPhase;
			buildActionMask = 2147483647;
			files = (
			);
			inputPaths = (
				"${PODS_PODFILE_DIR_PATH}/Podfile.lock",
				"${PODS_ROOT}/Manifest.lock",
			);
			name = "[CP] Check Pods Manifest.lock";
			outputPaths = (
				"$(DERIVED_FILE_DIR)/Pods-Tests-checkManifestLockResult.txt",
			);
			runOnlyForDeploymentPostprocessing = 0;
			shellPath = /bin/sh;
			shellScript = "diff \"${PODS_PODFILE_DIR_PATH}/Podfile.lock\" \"${PODS_ROOT}/Manifest.lock\" > /dev/null\nif [ $? != 0 ] ; then\n    # print error to STDERR\n    echo \"error: The sandbox is not in sync with the Podfile.lock. Run 'pod install' or update your CocoaPods installation.\" >&2\n    exit 1\nfi\n# This output is used by Xcode 'outputs' to avoid re-running this script phase.\necho \"SUCCESS\" > \"${SCRIPT_OUTPUT_FILE_0}\"\n";
			showEnvVarsInLog = 0;
		};
/* End PBXShellScriptBuildPhase section */

/* Begin PBXSourcesBuildPhase section */
		6003F586195388D20070C39A /* Sources */ = {
			isa = PBXSourcesBuildPhase;
			buildActionMask = 2147483647;
			files = (
				6003F59E195388D20070C39A /* RDAppDelegate.m in Sources */,
				6003F5A7195388D20070C39A /* RDViewController.m in Sources */,
				E90C11531D8E022800630F12 /* RDScrollViewPageContentData.m in Sources */,
				E90C11501D8E022000630F12 /* RDViewPageContentData.m in Sources */,
				6003F59A195388D20070C39A /* main.m in Sources */,
			);
			runOnlyForDeploymentPostprocessing = 0;
		};
		6003F5AA195388D20070C39A /* Sources */ = {
			isa = PBXSourcesBuildPhase;
			buildActionMask = 2147483647;
			files = (
				6003F5BC195388D20070C39A /* Tests.m in Sources */,
			);
			runOnlyForDeploymentPostprocessing = 0;
		};
/* End PBXSourcesBuildPhase section */

/* Begin PBXTargetDependency section */
		6003F5B4195388D20070C39A /* PBXTargetDependency */ = {
			isa = PBXTargetDependency;
			target = 6003F589195388D20070C39A /* RDImageViewerController */;
			targetProxy = 6003F5B3195388D20070C39A /* PBXContainerItemProxy */;
		};
/* End PBXTargetDependency section */

/* Begin PBXVariantGroup section */
		6003F596195388D20070C39A /* InfoPlist.strings */ = {
			isa = PBXVariantGroup;
			children = (
				6003F597195388D20070C39A /* en */,
			);
			name = InfoPlist.strings;
			sourceTree = "<group>";
		};
		6003F59F195388D20070C39A /* Main.storyboard */ = {
			isa = PBXVariantGroup;
			children = (
				6003F5A0195388D20070C39A /* Base */,
			);
			name = Main.storyboard;
			sourceTree = "<group>";
		};
		6003F5B8195388D20070C39A /* InfoPlist.strings */ = {
			isa = PBXVariantGroup;
			children = (
				6003F5B9195388D20070C39A /* en */,
			);
			name = InfoPlist.strings;
			sourceTree = "<group>";
		};
		E90E26881A34981000F1F54A /* LaunchScreen.xib */ = {
			isa = PBXVariantGroup;
			children = (
				E90E26891A34981000F1F54A /* Base */,
			);
			name = LaunchScreen.xib;
			sourceTree = "<group>";
		};
/* End PBXVariantGroup section */

/* Begin XCBuildConfiguration section */
		6003F5BD195388D20070C39A /* Debug */ = {
			isa = XCBuildConfiguration;
			buildSettings = {
				ALWAYS_SEARCH_USER_PATHS = NO;
				CLANG_ANALYZER_LOCALIZABILITY_NONLOCALIZED = YES;
				CLANG_CXX_LANGUAGE_STANDARD = "gnu++0x";
				CLANG_CXX_LIBRARY = "libc++";
				CLANG_ENABLE_MODULES = YES;
				CLANG_ENABLE_OBJC_ARC = YES;
				CLANG_WARN_BLOCK_CAPTURE_AUTORELEASING = YES;
				CLANG_WARN_BOOL_CONVERSION = YES;
				CLANG_WARN_COMMA = YES;
				CLANG_WARN_CONSTANT_CONVERSION = YES;
				CLANG_WARN_DEPRECATED_OBJC_IMPLEMENTATIONS = YES;
				CLANG_WARN_DIRECT_OBJC_ISA_USAGE = YES_ERROR;
				CLANG_WARN_EMPTY_BODY = YES;
				CLANG_WARN_ENUM_CONVERSION = YES;
				CLANG_WARN_INFINITE_RECURSION = YES;
				CLANG_WARN_INT_CONVERSION = YES;
				CLANG_WARN_NON_LITERAL_NULL_CONVERSION = YES;
				CLANG_WARN_OBJC_IMPLICIT_RETAIN_SELF = YES;
				CLANG_WARN_OBJC_LITERAL_CONVERSION = YES;
				CLANG_WARN_OBJC_ROOT_CLASS = YES_ERROR;
				CLANG_WARN_RANGE_LOOP_ANALYSIS = YES;
				CLANG_WARN_STRICT_PROTOTYPES = YES;
				CLANG_WARN_SUSPICIOUS_MOVE = YES;
				CLANG_WARN_UNREACHABLE_CODE = YES;
				CLANG_WARN__DUPLICATE_METHOD_MATCH = YES;
				"CODE_SIGN_IDENTITY[sdk=iphoneos*]" = "iPhone Developer";
				COPY_PHASE_STRIP = NO;
				ENABLE_STRICT_OBJC_MSGSEND = YES;
				ENABLE_TESTABILITY = YES;
				GCC_C_LANGUAGE_STANDARD = gnu99;
				GCC_DYNAMIC_NO_PIC = NO;
				GCC_NO_COMMON_BLOCKS = YES;
				GCC_OPTIMIZATION_LEVEL = 0;
				GCC_PREPROCESSOR_DEFINITIONS = (
					"DEBUG=1",
					"$(inherited)",
				);
				GCC_SYMBOLS_PRIVATE_EXTERN = NO;
				GCC_WARN_64_TO_32_BIT_CONVERSION = YES;
				GCC_WARN_ABOUT_RETURN_TYPE = YES_ERROR;
				GCC_WARN_UNDECLARED_SELECTOR = YES;
				GCC_WARN_UNINITIALIZED_AUTOS = YES_AGGRESSIVE;
				GCC_WARN_UNUSED_FUNCTION = YES;
				GCC_WARN_UNUSED_VARIABLE = YES;
				IPHONEOS_DEPLOYMENT_TARGET = 10.0;
				ONLY_ACTIVE_ARCH = YES;
				SDKROOT = iphoneos;
				TARGETED_DEVICE_FAMILY = "1,2";
			};
			name = Debug;
		};
		6003F5BE195388D20070C39A /* Release */ = {
			isa = XCBuildConfiguration;
			buildSettings = {
				ALWAYS_SEARCH_USER_PATHS = NO;
				CLANG_ANALYZER_LOCALIZABILITY_NONLOCALIZED = YES;
				CLANG_CXX_LANGUAGE_STANDARD = "gnu++0x";
				CLANG_CXX_LIBRARY = "libc++";
				CLANG_ENABLE_MODULES = YES;
				CLANG_ENABLE_OBJC_ARC = YES;
				CLANG_WARN_BLOCK_CAPTURE_AUTORELEASING = YES;
				CLANG_WARN_BOOL_CONVERSION = YES;
				CLANG_WARN_COMMA = YES;
				CLANG_WARN_CONSTANT_CONVERSION = YES;
				CLANG_WARN_DEPRECATED_OBJC_IMPLEMENTATIONS = YES;
				CLANG_WARN_DIRECT_OBJC_ISA_USAGE = YES_ERROR;
				CLANG_WARN_EMPTY_BODY = YES;
				CLANG_WARN_ENUM_CONVERSION = YES;
				CLANG_WARN_INFINITE_RECURSION = YES;
				CLANG_WARN_INT_CONVERSION = YES;
				CLANG_WARN_NON_LITERAL_NULL_CONVERSION = YES;
				CLANG_WARN_OBJC_IMPLICIT_RETAIN_SELF = YES;
				CLANG_WARN_OBJC_LITERAL_CONVERSION = YES;
				CLANG_WARN_OBJC_ROOT_CLASS = YES_ERROR;
				CLANG_WARN_RANGE_LOOP_ANALYSIS = YES;
				CLANG_WARN_STRICT_PROTOTYPES = YES;
				CLANG_WARN_SUSPICIOUS_MOVE = YES;
				CLANG_WARN_UNREACHABLE_CODE = YES;
				CLANG_WARN__DUPLICATE_METHOD_MATCH = YES;
				"CODE_SIGN_IDENTITY[sdk=iphoneos*]" = "iPhone Developer";
				COPY_PHASE_STRIP = YES;
				ENABLE_NS_ASSERTIONS = NO;
				ENABLE_STRICT_OBJC_MSGSEND = YES;
				GCC_C_LANGUAGE_STANDARD = gnu99;
				GCC_NO_COMMON_BLOCKS = YES;
				GCC_WARN_64_TO_32_BIT_CONVERSION = YES;
				GCC_WARN_ABOUT_RETURN_TYPE = YES_ERROR;
				GCC_WARN_UNDECLARED_SELECTOR = YES;
				GCC_WARN_UNINITIALIZED_AUTOS = YES_AGGRESSIVE;
				GCC_WARN_UNUSED_FUNCTION = YES;
				GCC_WARN_UNUSED_VARIABLE = YES;
				IPHONEOS_DEPLOYMENT_TARGET = 10.0;
				SDKROOT = iphoneos;
				TARGETED_DEVICE_FAMILY = "1,2";
				VALIDATE_PRODUCT = YES;
			};
			name = Release;
		};
		6003F5C0195388D20070C39A /* Debug */ = {
			isa = XCBuildConfiguration;
			baseConfigurationReference = AB7D21FE10F544A30C888634 /* Pods-RDImageViewerController.debug.xcconfig */;
			buildSettings = {
				ASSETCATALOG_COMPILER_APPICON_NAME = AppIcon;
				ASSETCATALOG_COMPILER_LAUNCHIMAGE_NAME = LaunchImage;
				CODE_SIGN_IDENTITY = "iPhone Developer";
				"CODE_SIGN_IDENTITY[sdk=iphoneos*]" = "iPhone Developer";
				DEVELOPMENT_TEAM = 3VC35JGS33;
				GCC_PRECOMPILE_PREFIX_HEADER = YES;
				GCC_PREFIX_HEADER = "RDImageViewerController/RDImageViewerController-Prefix.pch";
				INFOPLIST_FILE = "RDImageViewerController/RDImageViewerController-Info.plist";
				IPHONEOS_DEPLOYMENT_TARGET = 10.0;
				PRODUCT_BUNDLE_IDENTIFIER = "org.cocoapods.demo.${PRODUCT_NAME:rfc1034identifier}";
				PRODUCT_NAME = "$(TARGET_NAME)";
				PROVISIONING_PROFILE = "";
				PROVISIONING_PROFILE_SPECIFIER = "";
				TARGETED_DEVICE_FAMILY = 1;
				WRAPPER_EXTENSION = app;
			};
			name = Debug;
		};
		6003F5C1195388D20070C39A /* Release */ = {
			isa = XCBuildConfiguration;
			baseConfigurationReference = B2E7CB51CE90590648B0F8B5 /* Pods-RDImageViewerController.release.xcconfig */;
			buildSettings = {
				ASSETCATALOG_COMPILER_APPICON_NAME = AppIcon;
				ASSETCATALOG_COMPILER_LAUNCHIMAGE_NAME = LaunchImage;
				CODE_SIGN_IDENTITY = "iPhone Distribution";
				"CODE_SIGN_IDENTITY[sdk=iphoneos*]" = "iPhone Developer";
				DEVELOPMENT_TEAM = 3VC35JGS33;
				GCC_PRECOMPILE_PREFIX_HEADER = YES;
				GCC_PREFIX_HEADER = "RDImageViewerController/RDImageViewerController-Prefix.pch";
				INFOPLIST_FILE = "RDImageViewerController/RDImageViewerController-Info.plist";
				IPHONEOS_DEPLOYMENT_TARGET = 10.0;
				PRODUCT_BUNDLE_IDENTIFIER = "org.cocoapods.demo.${PRODUCT_NAME:rfc1034identifier}";
				PRODUCT_NAME = "$(TARGET_NAME)";
				PROVISIONING_PROFILE = "";
				PROVISIONING_PROFILE_SPECIFIER = "";
				TARGETED_DEVICE_FAMILY = 1;
				WRAPPER_EXTENSION = app;
			};
			name = Release;
		};
		6003F5C3195388D20070C39A /* Debug */ = {
			isa = XCBuildConfiguration;
			baseConfigurationReference = 335703C1B2581FF3F13621CB /* Pods-Tests.debug.xcconfig */;
			buildSettings = {
				BUNDLE_LOADER = "$(BUILT_PRODUCTS_DIR)/RDImageViewerController.app/RDImageViewerController";
				DEVELOPMENT_TEAM = 3VC35JGS33;
				FRAMEWORK_SEARCH_PATHS = (
					"$(SDKROOT)/Developer/Library/Frameworks",
					"$(inherited)",
					"$(DEVELOPER_FRAMEWORKS_DIR)",
				);
				GCC_PRECOMPILE_PREFIX_HEADER = YES;
				GCC_PREFIX_HEADER = "Tests/Tests-Prefix.pch";
				GCC_PREPROCESSOR_DEFINITIONS = (
					"DEBUG=1",
					"$(inherited)",
				);
				INFOPLIST_FILE = "Tests/Tests-Info.plist";
				PRODUCT_BUNDLE_IDENTIFIER = "org.cocoapods.demo.${PRODUCT_NAME:rfc1034identifier}";
				PRODUCT_NAME = "$(TARGET_NAME)";
				TEST_HOST = "$(BUNDLE_LOADER)";
				WRAPPER_EXTENSION = xctest;
			};
			name = Debug;
		};
		6003F5C4195388D20070C39A /* Release */ = {
			isa = XCBuildConfiguration;
			baseConfigurationReference = 2DE53B25D765A16A87BEBC61 /* Pods-Tests.release.xcconfig */;
			buildSettings = {
				BUNDLE_LOADER = "$(BUILT_PRODUCTS_DIR)/RDImageViewerController.app/RDImageViewerController";
				DEVELOPMENT_TEAM = 3VC35JGS33;
				FRAMEWORK_SEARCH_PATHS = (
					"$(SDKROOT)/Developer/Library/Frameworks",
					"$(inherited)",
					"$(DEVELOPER_FRAMEWORKS_DIR)",
				);
				GCC_PRECOMPILE_PREFIX_HEADER = YES;
				GCC_PREFIX_HEADER = "Tests/Tests-Prefix.pch";
				INFOPLIST_FILE = "Tests/Tests-Info.plist";
				PRODUCT_BUNDLE_IDENTIFIER = "org.cocoapods.demo.${PRODUCT_NAME:rfc1034identifier}";
				PRODUCT_NAME = "$(TARGET_NAME)";
				TEST_HOST = "$(BUNDLE_LOADER)";
				WRAPPER_EXTENSION = xctest;
			};
			name = Release;
		};
/* End XCBuildConfiguration section */

/* Begin XCConfigurationList section */
		6003F585195388D10070C39A /* Build configuration list for PBXProject "RDImageViewerController" */ = {
			isa = XCConfigurationList;
			buildConfigurations = (
				6003F5BD195388D20070C39A /* Debug */,
				6003F5BE195388D20070C39A /* Release */,
			);
			defaultConfigurationIsVisible = 0;
			defaultConfigurationName = Release;
		};
		6003F5BF195388D20070C39A /* Build configuration list for PBXNativeTarget "RDImageViewerController" */ = {
			isa = XCConfigurationList;
			buildConfigurations = (
				6003F5C0195388D20070C39A /* Debug */,
				6003F5C1195388D20070C39A /* Release */,
			);
			defaultConfigurationIsVisible = 0;
			defaultConfigurationName = Release;
		};
		6003F5C2195388D20070C39A /* Build configuration list for PBXNativeTarget "Tests" */ = {
			isa = XCConfigurationList;
			buildConfigurations = (
				6003F5C3195388D20070C39A /* Debug */,
				6003F5C4195388D20070C39A /* Release */,
			);
			defaultConfigurationIsVisible = 0;
			defaultConfigurationName = Release;
		};
/* End XCConfigurationList section */
	};
	rootObject = 6003F582195388D10070C39A /* Project object */;
}
